{
  "name": "fictional-meme",
  "lockfileVersion": 3,
  "requires": true,
  "packages": {
    "": {
      "dependencies": {
        "ultraviolet": "https://github.com/titaniumnetwork-dev/Ultraviolet/releases/download/v1.0.1/ultraviolet-1.0.1.tgz"
      }
    },
    "node_modules/@types/estree": {
      "version": "0.0.46",
      "resolved": "https://registry.npmjs.org/@types/estree/-/estree-0.0.46.tgz",
      "integrity": "sha512-laIjwTQaD+5DukBZaygQ79K1Z0jb1bPEMRrkXSLjtCcZm+abyp5YbrqpSLzD42FwWW6gK/aS4NYpJ804nG2brg=="
    },
    "node_modules/bowser": {
      "version": "2.11.0",
      "resolved": "https://registry.npmjs.org/bowser/-/bowser-2.11.0.tgz",
      "integrity": "sha512-AlcaJBi/pqqJBIQ8U9Mcpc9i8Aqxn88Skv5d+xBX006BY5u8N3mGLHa5Lgppa7L/HfwgwLgZ6NYs+Ag6uUmJRA=="
    },
    "node_modules/css-tree": {
      "version": "2.3.1",
      "resolved": "https://registry.npmjs.org/css-tree/-/css-tree-2.3.1.tgz",
      "integrity": "sha512-6Fv1DV/TYw//QF5IzQdqsNDjx/wc8TrMBZsqjL9eW01tWb7R7k/mq+/VXfJCl7SoD5emsJop9cOByJZfs8hYIw==",
      "dependencies": {
        "mdn-data": "2.0.30",
        "source-map-js": "^1.0.1"
      },
      "engines": {
        "node": "^10 || ^12.20.0 || ^14.13.0 || >=15.0.0"
      }
    },
    "node_modules/esotope-hammerhead": {
      "version": "0.6.4",
      "resolved": "https://registry.npmjs.org/esotope-hammerhead/-/esotope-hammerhead-0.6.4.tgz",
      "integrity": "sha512-QY4HXqvjLSFGoGgHvm3H1QUMNcpwnUpGRBaVVFWE5uqbPQh9HSWcA1YD7KwwL/IrgerDwZn00z5dtYT9Ot/C/A==",
      "dependencies": {
        "@types/estree": "0.0.46"
      }
    },
    "node_modules/idb": {
      "version": "7.1.1",
      "resolved": "https://registry.npmjs.org/idb/-/idb-7.1.1.tgz",
      "integrity": "sha512-gchesWBzyvGHRO9W8tzUWFDycow5gwjvFKfyV9FF32Y7F50yZMp7mP+T2mJIWFx49zicqyC4uefHM17o6xKIVQ=="
    },
    "node_modules/mdn-data": {
      "version": "2.0.30",
      "resolved": "https://registry.npmjs.org/mdn-data/-/mdn-data-2.0.30.tgz",
      "integrity": "sha512-GaqWWShW4kv/G9IEucWScBx9G1/vsFZZJUO+tD26M8J8z3Kw5RDQjaoZe03YAClgeS/SWPOcb4nkFBTEi5DUEA=="
    },
    "node_modules/meriyah": {
      "version": "4.3.7",
      "resolved": "https://registry.npmjs.org/meriyah/-/meriyah-4.3.7.tgz",
      "integrity": "sha512-JAlSOUqFU/rmLy2CEdZO5hN5E5dyUj1f4AlRR4GCQMjfobvd5lcm9JLkrqq0MgVaLQ/Zur590A+0RyUZhj0b5A==",
      "engines": {
        "node": ">=10.4.0"
      }
    },
    "node_modules/mime-db": {
      "version": "1.52.0",
      "resolved": "https://registry.npmjs.org/mime-db/-/mime-db-1.52.0.tgz",
      "integrity": "sha512-sPU4uV7dYlvtWJxwwxHD0PuihVNiE7TyAbQ5SWxDCB9mUYvOgroQOwYQQOKPJ8CIbE+1ETVlOoK1UC2nU3gYvg==",
      "engines": {
        "node": ">= 0.6"
      }
    },
    "node_modules/parse5": {
      "version": "6.0.1",
      "resolved": "https://registry.npmjs.org/parse5/-/parse5-6.0.1.tgz",
      "integrity": "sha512-Ofn/CTFzRGTTxwpNEs9PP93gXShHcTq255nzRYSKe8AkVpZY7e1fpmTfOyoIvjP5HG7Z2ZM7VS9PPhQGW2pOpw=="
    },
    "node_modules/set-cookie-parser": {
      "version": "2.6.0",
      "resolved": "https://registry.npmjs.org/set-cookie-parser/-/set-cookie-parser-2.6.0.tgz",
      "integrity": "sha512-RVnVQxTXuerk653XfuliOxBP81Sf0+qfQE73LIYKcyMYHG94AuH0kgrQpRDuTZnSmjpysHmzxJXKNfa6PjFhyQ=="
    },
    "node_modules/source-map-js": {
      "version": "1.0.2",
      "resolved": "https://registry.npmjs.org/source-map-js/-/source-map-js-1.0.2.tgz",
      "integrity": "sha512-R0XvVJ9WusLiqTCEiGCmICCMplcCkIwwR11mOSD9CR5u+IXYdiseeEuXCVAjS54zqwkLcPNnmU4OeJ6tUrWhDw==",
      "engines": {
        "node": ">=0.10.0"
      }
    },
    "node_modules/ultraviolet": {
      "version": "1.0.1",
      "resolved": "https://github.com/titaniumnetwork-dev/Ultraviolet/releases/download/v1.0.1/ultraviolet-1.0.1.tgz",
      "integrity": "sha512-kx+oXojmQnV9XJeta3RTGhZEw50UL4hTP750ewoGaCB9E2o4YJAom8ZfOGL02BxMrvut1D6iId5iDn7B+SyvrA==",
      "license": "ISC",
      "dependencies": {
        "bowser": "^2.11.0",
        "css-tree": "^2.0.4",
        "esotope-hammerhead": "^0.6.1",
        "idb": "^7.0.0",
        "meriyah": "^4.2.0",
        "mime-db": "^1.51.0",
        "parse5": "^6.0.1",
        "set-cookie-parser": "^2.4.8"
      }
    }
  }
}
